// !$*UTF8*$!
{
	archiveVersion = 1;
	classes = {
	};
	objectVersion = 56;
	objects = {

/* Begin PBXBuildFile section */
		604FEB9529D858C000E8F8AB /* AppDelegate.swift in Sources */ = {isa = PBXBuildFile; fileRef = 604FEB9429D858C000E8F8AB /* AppDelegate.swift */; };
		604FEB9729D858C000E8F8AB /* SceneDelegate.swift in Sources */ = {isa = PBXBuildFile; fileRef = 604FEB9629D858C000E8F8AB /* SceneDelegate.swift */; };
		604FEB9929D858C000E8F8AB /* ViewController.swift in Sources */ = {isa = PBXBuildFile; fileRef = 604FEB9829D858C000E8F8AB /* ViewController.swift */; };
		604FEB9E29D858C200E8F8AB /* Assets.xcassets in Resources */ = {isa = PBXBuildFile; fileRef = 604FEB9D29D858C200E8F8AB /* Assets.xcassets */; };
		604FEBA129D858C200E8F8AB /* LaunchScreen.storyboard in Resources */ = {isa = PBXBuildFile; fileRef = 604FEB9F29D858C200E8F8AB /* LaunchScreen.storyboard */; };
		604FEBAA29D85A0300E8F8AB /* SnapKit in Frameworks */ = {isa = PBXBuildFile; productRef = 604FEBA929D85A0300E8F8AB /* SnapKit */; };
		604FEBAD29D94F9800E8F8AB /* TasksViewController.swift in Sources */ = {isa = PBXBuildFile; fileRef = 604FEBAC29D94F9800E8F8AB /* TasksViewController.swift */; };
		604FEBAF29D95A9E00E8F8AB /* GoogleService-Info.plist in Resources */ = {isa = PBXBuildFile; fileRef = 604FEBAE29D95A9E00E8F8AB /* GoogleService-Info.plist */; };
		604FEBB229D95C3F00E8F8AB /* FirebaseAuth in Frameworks */ = {isa = PBXBuildFile; productRef = 604FEBB129D95C3F00E8F8AB /* FirebaseAuth */; };
		604FEBB429D95C3F00E8F8AB /* FirebaseDatabase in Frameworks */ = {isa = PBXBuildFile; productRef = 604FEBB329D95C3F00E8F8AB /* FirebaseDatabase */; };
		604FEBB629D95C3F00E8F8AB /* FirebaseFirestore in Frameworks */ = {isa = PBXBuildFile; productRef = 604FEBB529D95C3F00E8F8AB /* FirebaseFirestore */; };
		604FEBB829D9C4A800E8F8AB /* User.swift in Sources */ = {isa = PBXBuildFile; fileRef = 604FEBB729D9C4A800E8F8AB /* User.swift */; };
		604FEBBA29D9C72A00E8F8AB /* Task.swift in Sources */ = {isa = PBXBuildFile; fileRef = 604FEBB929D9C72A00E8F8AB /* Task.swift */; };
/* End PBXBuildFile section */

/* Begin PBXFileReference section */
		604FEB9129D858C000E8F8AB /* Firebase practice.app */ = {isa = PBXFileReference; explicitFileType = wrapper.application; includeInIndex = 0; path = "Firebase practice.app"; sourceTree = BUILT_PRODUCTS_DIR; };
		604FEB9429D858C000E8F8AB /* AppDelegate.swift */ = {isa = PBXFileReference; lastKnownFileType = sourcecode.swift; path = AppDelegate.swift; sourceTree = "<group>"; };
		604FEB9629D858C000E8F8AB /* SceneDelegate.swift */ = {isa = PBXFileReference; lastKnownFileType = sourcecode.swift; path = SceneDelegate.swift; sourceTree = "<group>"; };
		604FEB9829D858C000E8F8AB /* ViewController.swift */ = {isa = PBXFileReference; lastKnownFileType = sourcecode.swift; path = ViewController.swift; sourceTree = "<group>"; };
		604FEB9D29D858C200E8F8AB /* Assets.xcassets */ = {isa = PBXFileReference; lastKnownFileType = folder.assetcatalog; path = Assets.xcassets; sourceTree = "<group>"; };
		604FEBA029D858C200E8F8AB /* Base */ = {isa = PBXFileReference; lastKnownFileType = file.storyboard; name = Base; path = Base.lproj/LaunchScreen.storyboard; sourceTree = "<group>"; };
		604FEBA229D858C200E8F8AB /* Info.plist */ = {isa = PBXFileReference; lastKnownFileType = text.plist.xml; path = Info.plist; sourceTree = "<group>"; };
		604FEBAC29D94F9800E8F8AB /* TasksViewController.swift */ = {isa = PBXFileReference; lastKnownFileType = sourcecode.swift; path = TasksViewController.swift; sourceTree = "<group>"; };
		604FEBAE29D95A9E00E8F8AB /* GoogleService-Info.plist */ = {isa = PBXFileReference; fileEncoding = 4; lastKnownFileType = text.plist.xml; path = "GoogleService-Info.plist"; sourceTree = "<group>"; };
		604FEBB729D9C4A800E8F8AB /* User.swift */ = {isa = PBXFileReference; lastKnownFileType = sourcecode.swift; path = User.swift; sourceTree = "<group>"; };
		604FEBB929D9C72A00E8F8AB /* Task.swift */ = {isa = PBXFileReference; lastKnownFileType = sourcecode.swift; path = Task.swift; sourceTree = "<group>"; };
/* End PBXFileReference section */

/* Begin PBXFrameworksBuildPhase section */
		604FEB8E29D858C000E8F8AB /* Frameworks */ = {
			isa = PBXFrameworksBuildPhase;
			buildActionMask = 2147483647;
			files = (
				604FEBB429D95C3F00E8F8AB /* FirebaseDatabase in Frameworks */,
				604FEBB629D95C3F00E8F8AB /* FirebaseFirestore in Frameworks */,
				604FEBAA29D85A0300E8F8AB /* SnapKit in Frameworks */,
				604FEBB229D95C3F00E8F8AB /* FirebaseAuth in Frameworks */,
			);
			runOnlyForDeploymentPostprocessing = 0;
		};
/* End PBXFrameworksBuildPhase section */

/* Begin PBXGroup section */
		604FEB8829D858C000E8F8AB = {
			isa = PBXGroup;
			children = (
				604FEB9329D858C000E8F8AB /* Firebase practice */,
				604FEB9229D858C000E8F8AB /* Products */,
			);
			sourceTree = "<group>";
		};
		604FEB9229D858C000E8F8AB /* Products */ = {
			isa = PBXGroup;
			children = (
				604FEB9129D858C000E8F8AB /* Firebase practice.app */,
			);
			name = Products;
			sourceTree = "<group>";
		};
		604FEB9329D858C000E8F8AB /* Firebase practice */ = {
			isa = PBXGroup;
			children = (
				604FEBAB29D94F7900E8F8AB /* App */,
				604FEB9829D858C000E8F8AB /* ViewController.swift */,
				604FEBAC29D94F9800E8F8AB /* TasksViewController.swift */,
				604FEBB729D9C4A800E8F8AB /* User.swift */,
				604FEBB929D9C72A00E8F8AB /* Task.swift */,
			);
			path = "Firebase practice";
			sourceTree = "<group>";
		};
		604FEBAB29D94F7900E8F8AB /* App */ = {
			isa = PBXGroup;
			children = (
				604FEB9429D858C000E8F8AB /* AppDelegate.swift */,
				604FEB9629D858C000E8F8AB /* SceneDelegate.swift */,
				604FEB9D29D858C200E8F8AB /* Assets.xcassets */,
				604FEB9F29D858C200E8F8AB /* LaunchScreen.storyboard */,
				604FEBA229D858C200E8F8AB /* Info.plist */,
				604FEBAE29D95A9E00E8F8AB /* GoogleService-Info.plist */,
			);
			path = App;
			sourceTree = "<group>";
		};
/* End PBXGroup section */

/* Begin PBXNativeTarget section */
		604FEB9029D858C000E8F8AB /* Firebase practice */ = {
			isa = PBXNativeTarget;
			buildConfigurationList = 604FEBA529D858C200E8F8AB /* Build configuration list for PBXNativeTarget "Firebase practice" */;
			buildPhases = (
				604FEB8D29D858C000E8F8AB /* Sources */,
				604FEB8E29D858C000E8F8AB /* Frameworks */,
				604FEB8F29D858C000E8F8AB /* Resources */,
			);
			buildRules = (
			);
			dependencies = (
			);
			name = "Firebase practice";
			packageProductDependencies = (
				604FEBA929D85A0300E8F8AB /* SnapKit */,
				604FEBB129D95C3F00E8F8AB /* FirebaseAuth */,
				604FEBB329D95C3F00E8F8AB /* FirebaseDatabase */,
				604FEBB529D95C3F00E8F8AB /* FirebaseFirestore */,
			);
			productName = "Firebase practice";
			productReference = 604FEB9129D858C000E8F8AB /* Firebase practice.app */;
			productType = "com.apple.product-type.application";
		};
/* End PBXNativeTarget section */

/* Begin PBXProject section */
		604FEB8929D858C000E8F8AB /* Project object */ = {
			isa = PBXProject;
			attributes = {
				BuildIndependentTargetsInParallel = 1;
				LastSwiftUpdateCheck = 1400;
				LastUpgradeCheck = 1400;
				TargetAttributes = {
					604FEB9029D858C000E8F8AB = {
						CreatedOnToolsVersion = 14.0.1;
					};
				};
			};
			buildConfigurationList = 604FEB8C29D858C000E8F8AB /* Build configuration list for PBXProject "Firebase practice" */;
			compatibilityVersion = "Xcode 14.0";
			developmentRegion = en;
			hasScannedForEncodings = 0;
			knownRegions = (
				en,
				Base,
			);
			mainGroup = 604FEB8829D858C000E8F8AB;
			packageReferences = (
				604FEBA829D85A0300E8F8AB /* XCRemoteSwiftPackageReference "SnapKit" */,
				604FEBB029D95C3F00E8F8AB /* XCRemoteSwiftPackageReference "firebase-ios-sdk" */,
			);
			productRefGroup = 604FEB9229D858C000E8F8AB /* Products */;
			projectDirPath = "";
			projectRoot = "";
			targets = (
				604FEB9029D858C000E8F8AB /* Firebase practice */,
			);
		};
/* End PBXProject section */

/* Begin PBXResourcesBuildPhase section */
		604FEB8F29D858C000E8F8AB /* Resources */ = {
			isa = PBXResourcesBuildPhase;
			buildActionMask = 2147483647;
			files = (
				604FEBA129D858C200E8F8AB /* LaunchScreen.storyboard in Resources */,
				604FEBAF29D95A9E00E8F8AB /* GoogleService-Info.plist in Resources */,
				604FEB9E29D858C200E8F8AB /* Assets.xcassets in Resources */,
			);
			runOnlyForDeploymentPostprocessing = 0;
		};
/* End PBXResourcesBuildPhase section */

/* Begin PBXSourcesBuildPhase section */
		604FEB8D29D858C000E8F8AB /* Sources */ = {
			isa = PBXSourcesBuildPhase;
			buildActionMask = 2147483647;
			files = (
				604FEB9929D858C000E8F8AB /* ViewController.swift in Sources */,
				604FEBAD29D94F9800E8F8AB /* TasksViewController.swift in Sources */,
				604FEB9529D858C000E8F8AB /* AppDelegate.swift in Sources */,
				604FEBB829D9C4A800E8F8AB /* User.swift in Sources */,
				604FEBBA29D9C72A00E8F8AB /* Task.swift in Sources */,
				604FEB9729D858C000E8F8AB /* SceneDelegate.swift in Sources */,
			);
			runOnlyForDeploymentPostprocessing = 0;
		};
/* End PBXSourcesBuildPhase section */

/* Begin PBXVariantGroup section */
		604FEB9F29D858C200E8F8AB /* LaunchScreen.storyboard */ = {
			isa = PBXVariantGroup;
			children = (
				604FEBA029D858C200E8F8AB /* Base */,
			);
			name = LaunchScreen.storyboard;
			sourceTree = "<group>";
		};
/* End PBXVariantGroup section */

/* Begin XCBuildConfiguration section */
		604FEBA329D858C200E8F8AB /* Debug */ = {
			isa = XCBuildConfiguration;
			buildSettings = {
				ALWAYS_SEARCH_USER_PATHS = NO;
				CLANG_ANALYZER_NONNULL = YES;
				CLANG_ANALYZER_NUMBER_OBJECT_CONVERSION = YES_AGGRESSIVE;
				CLANG_CXX_LANGUAGE_STANDARD = "gnu++20";
				CLANG_ENABLE_MODULES = YES;
				CLANG_ENABLE_OBJC_ARC = YES;
				CLANG_ENABLE_OBJC_WEAK = YES;
				CLANG_WARN_BLOCK_CAPTURE_AUTORELEASING = YES;
				CLANG_WARN_BOOL_CONVERSION = YES;
				CLANG_WARN_COMMA = YES;
				CLANG_WARN_CONSTANT_CONVERSION = YES;
				CLANG_WARN_DEPRECATED_OBJC_IMPLEMENTATIONS = YES;
				CLANG_WARN_DIRECT_OBJC_ISA_USAGE = YES_ERROR;
				CLANG_WARN_DOCUMENTATION_COMMENTS = YES;
				CLANG_WARN_EMPTY_BODY = YES;
				CLANG_WARN_ENUM_CONVERSION = YES;
				CLANG_WARN_INFINITE_RECURSION = YES;
				CLANG_WARN_INT_CONVERSION = YES;
				CLANG_WARN_NON_LITERAL_NULL_CONVERSION = YES;
				CLANG_WARN_OBJC_IMPLICIT_RETAIN_SELF = YES;
				CLANG_WARN_OBJC_LITERAL_CONVERSION = YES;
				CLANG_WARN_OBJC_ROOT_CLASS = YES_ERROR;
				CLANG_WARN_QUOTED_INCLUDE_IN_FRAMEWORK_HEADER = YES;
				CLANG_WARN_RANGE_LOOP_ANALYSIS = YES;
				CLANG_WARN_STRICT_PROTOTYPES = YES;
				CLANG_WARN_SUSPICIOUS_MOVE = YES;
				CLANG_WARN_UNGUARDED_AVAILABILITY = YES_AGGRESSIVE;
				CLANG_WARN_UNREACHABLE_CODE = YES;
				CLANG_WARN__DUPLICATE_METHOD_MATCH = YES;
				COPY_PHASE_STRIP = NO;
				DEBUG_INFORMATION_FORMAT = dwarf;
				ENABLE_STRICT_OBJC_MSGSEND = YES;
				ENABLE_TESTABILITY = YES;
				GCC_C_LANGUAGE_STANDARD = gnu11;
				GCC_DYNAMIC_NO_PIC = NO;
				GCC_NO_COMMON_BLOCKS = YES;
				GCC_OPTIMIZATION_LEVEL = 0;
				GCC_PREPROCESSOR_DEFINITIONS = (
					"DEBUG=1",
					"$(inherited)",
				);
				GCC_WARN_64_TO_32_BIT_CONVERSION = YES;
				GCC_WARN_ABOUT_RETURN_TYPE = YES_ERROR;
				GCC_WARN_UNDECLARED_SELECTOR = YES;
				GCC_WARN_UNINITIALIZED_AUTOS = YES_AGGRESSIVE;
				GCC_WARN_UNUSED_FUNCTION = YES;
				GCC_WARN_UNUSED_VARIABLE = YES;
				IPHONEOS_DEPLOYMENT_TARGET = 16.0;
				MTL_ENABLE_DEBUG_INFO = INCLUDE_SOURCE;
				MTL_FAST_MATH = YES;
				ONLY_ACTIVE_ARCH = YES;
				SDKROOT = iphoneos;
				SWIFT_ACTIVE_COMPILATION_CONDITIONS = DEBUG;
				SWIFT_OPTIMIZATION_LEVEL = "-Onone";
			};
			name = Debug;
		};
		604FEBA429D858C200E8F8AB /* Release */ = {
			isa = XCBuildConfiguration;
			buildSettings = {
				ALWAYS_SEARCH_USER_PATHS = NO;
				CLANG_ANALYZER_NONNULL = YES;
				CLANG_ANALYZER_NUMBER_OBJECT_CONVERSION = YES_AGGRESSIVE;
				CLANG_CXX_LANGUAGE_STANDARD = "gnu++20";
				CLANG_ENABLE_MODULES = YES;
				CLANG_ENABLE_OBJC_ARC = YES;
				CLANG_ENABLE_OBJC_WEAK = YES;
				CLANG_WARN_BLOCK_CAPTURE_AUTORELEASING = YES;
				CLANG_WARN_BOOL_CONVERSION = YES;
				CLANG_WARN_COMMA = YES;
				CLANG_WARN_CONSTANT_CONVERSION = YES;
				CLANG_WARN_DEPRECATED_OBJC_IMPLEMENTATIONS = YES;
				CLANG_WARN_DIRECT_OBJC_ISA_USAGE = YES_ERROR;
				CLANG_WARN_DOCUMENTATION_COMMENTS = YES;
				CLANG_WARN_EMPTY_BODY = YES;
				CLANG_WARN_ENUM_CONVERSION = YES;
				CLANG_WARN_INFINITE_RECURSION = YES;
				CLANG_WARN_INT_CONVERSION = YES;
				CLANG_WARN_NON_LITERAL_NULL_CONVERSION = YES;
				CLANG_WARN_OBJC_IMPLICIT_RETAIN_SELF = YES;
				CLANG_WARN_OBJC_LITERAL_CONVERSION = YES;
				CLANG_WARN_OBJC_ROOT_CLASS = YES_ERROR;
				CLANG_WARN_QUOTED_INCLUDE_IN_FRAMEWORK_HEADER = YES;
				CLANG_WARN_RANGE_LOOP_ANALYSIS = YES;
				CLANG_WARN_STRICT_PROTOTYPES = YES;
				CLANG_WARN_SUSPICIOUS_MOVE = YES;
				CLANG_WARN_UNGUARDED_AVAILABILITY = YES_AGGRESSIVE;
				CLANG_WARN_UNREACHABLE_CODE = YES;
				CLANG_WARN__DUPLICATE_METHOD_MATCH = YES;
				COPY_PHASE_STRIP = NO;
				DEBUG_INFORMATION_FORMAT = "dwarf-with-dsym";
				ENABLE_NS_ASSERTIONS = NO;
				ENABLE_STRICT_OBJC_MSGSEND = YES;
				GCC_C_LANGUAGE_STANDARD = gnu11;
				GCC_NO_COMMON_BLOCKS = YES;
				GCC_WARN_64_TO_32_BIT_CONVERSION = YES;
				GCC_WARN_ABOUT_RETURN_TYPE = YES_ERROR;
				GCC_WARN_UNDECLARED_SELECTOR = YES;
				GCC_WARN_UNINITIALIZED_AUTOS = YES_AGGRESSIVE;
				GCC_WARN_UNUSED_FUNCTION = YES;
				GCC_WARN_UNUSED_VARIABLE = YES;
				IPHONEOS_DEPLOYMENT_TARGET = 16.0;
				MTL_ENABLE_DEBUG_INFO = NO;
				MTL_FAST_MATH = YES;
				SDKROOT = iphoneos;
				SWIFT_COMPILATION_MODE = wholemodule;
				SWIFT_OPTIMIZATION_LEVEL = "-O";
				VALIDATE_PRODUCT = YES;
			};
			name = Release;
		};
		604FEBA629D858C200E8F8AB /* Debug */ = {
			isa = XCBuildConfiguration;
			buildSettings = {
				ASSETCATALOG_COMPILER_APPICON_NAME = AppIcon;
				ASSETCATALOG_COMPILER_GLOBAL_ACCENT_COLOR_NAME = AccentColor;
				CODE_SIGN_STYLE = Automatic;
				CURRENT_PROJECT_VERSION = 1;
				DEVELOPMENT_TEAM = 6YX8RWQNTP;
				GENERATE_INFOPLIST_FILE = YES;
				INFOPLIST_FILE = "Firebase practice/App/Info.plist";
				INFOPLIST_KEY_UIApplicationSupportsIndirectInputEvents = YES;
				INFOPLIST_KEY_UILaunchStoryboardName = LaunchScreen;
				INFOPLIST_KEY_UISupportedInterfaceOrientations_iPad = "UIInterfaceOrientationPortrait UIInterfaceOrientationPortraitUpsideDown UIInterfaceOrientationLandscapeLeft UIInterfaceOrientationLandscapeRight";
				INFOPLIST_KEY_UISupportedInterfaceOrientations_iPhone = "UIInterfaceOrientationPortrait UIInterfaceOrientationLandscapeLeft UIInterfaceOrientationLandscapeRight";
				LD_RUNPATH_SEARCH_PATHS = (
					"$(inherited)",
					"@executable_path/Frameworks",
				);
				MARKETING_VERSION = 1.0;
				PRODUCT_BUNDLE_IDENTIFIER = "adlet.zhan.Firebase-practice";
				PRODUCT_NAME = "$(TARGET_NAME)";
				SWIFT_EMIT_LOC_STRINGS = YES;
				SWIFT_VERSION = 5.0;
				TARGETED_DEVICE_FAMILY = "1,2";
			};
			name = Debug;
		};
		604FEBA729D858C200E8F8AB /* Release */ = {
			isa = XCBuildConfiguration;
			buildSettings = {
				ASSETCATALOG_COMPILER_APPICON_NAME = AppIcon;
				ASSETCATALOG_COMPILER_GLOBAL_ACCENT_COLOR_NAME = AccentColor;
				CODE_SIGN_STYLE = Automatic;
				CURRENT_PROJECT_VERSION = 1;
				DEVELOPMENT_TEAM = 6YX8RWQNTP;
				GENERATE_INFOPLIST_FILE = YES;
				INFOPLIST_FILE = "Firebase practice/App/Info.plist";
				INFOPLIST_KEY_UIApplicationSupportsIndirectInputEvents = YES;
				INFOPLIST_KEY_UILaunchStoryboardName = LaunchScreen;
				INFOPLIST_KEY_UISupportedInterfaceOrientations_iPad = "UIInterfaceOrientationPortrait UIInterfaceOrientationPortraitUpsideDown UIInterfaceOrientationLandscapeLeft UIInterfaceOrientationLandscapeRight";
				INFOPLIST_KEY_UISupportedInterfaceOrientations_iPhone = "UIInterfaceOrientationPortrait UIInterfaceOrientationLandscapeLeft UIInterfaceOrientationLandscapeRight";
				LD_RUNPATH_SEARCH_PATHS = (
					"$(inherited)",
					"@executable_path/Frameworks",
				);
				MARKETING_VERSION = 1.0;
				PRODUCT_BUNDLE_IDENTIFIER = "adlet.zhan.Firebase-practice";
				PRODUCT_NAME = "$(TARGET_NAME)";
				SWIFT_EMIT_LOC_STRINGS = YES;
				SWIFT_VERSION = 5.0;
				TARGETED_DEVICE_FAMILY = "1,2";
			};
			name = Release;
		};
/* End XCBuildConfiguration section */

/* Begin XCConfigurationList section */
		604FEB8C29D858C000E8F8AB /* Build configuration list for PBXProject "Firebase practice" */ = {
			isa = XCConfigurationList;
			buildConfigurations = (
				604FEBA329D858C200E8F8AB /* Debug */,
				604FEBA429D858C200E8F8AB /* Release */,
			);
			defaultConfigurationIsVisible = 0;
			defaultConfigurationName = Release;
		};
		604FEBA529D858C200E8F8AB /* Build configuration list for PBXNativeTarget "Firebase practice" */ = {
			isa = XCConfigurationList;
			buildConfigurations = (
				604FEBA629D858C200E8F8AB /* Debug */,
				604FEBA729D858C200E8F8AB /* Release */,
			);
			defaultConfigurationIsVisible = 0;
			defaultConfigurationName = Release;
		};
/* End XCConfigurationList section */

/* Begin XCRemoteSwiftPackageReference section */
		604FEBA829D85A0300E8F8AB /* XCRemoteSwiftPackageReference "SnapKit" */ = {
			isa = XCRemoteSwiftPackageReference;
			repositoryURL = "https://github.com/SnapKit/SnapKit.git";
			requirement = {
				branch = develop;
				kind = branch;
			};
		};
		604FEBB029D95C3F00E8F8AB /* XCRemoteSwiftPackageReference "firebase-ios-sdk" */ = {
			isa = XCRemoteSwiftPackageReference;
			repositoryURL = "https://github.com/firebase/firebase-ios-sdk.git";
			requirement = {
				branch = master;
				kind = branch;
			};
		};
/* End XCRemoteSwiftPackageReference section */

/* Begin XCSwiftPackageProductDependency section */
		604FEBA929D85A0300E8F8AB /* SnapKit */ = {
			isa = XCSwiftPackageProductDependency;
			package = 604FEBA829D85A0300E8F8AB /* XCRemoteSwiftPackageReference "SnapKit" */;
			productName = SnapKit;
		};
		604FEBB129D95C3F00E8F8AB /* FirebaseAuth */ = {
			isa = XCSwiftPackageProductDependency;
			package = 604FEBB029D95C3F00E8F8AB /* XCRemoteSwiftPackageReference "firebase-ios-sdk" */;
			productName = FirebaseAuth;
		};
		604FEBB329D95C3F00E8F8AB /* FirebaseDatabase */ = {
			isa = XCSwiftPackageProductDependency;
			package = 604FEBB029D95C3F00E8F8AB /* XCRemoteSwiftPackageReference "firebase-ios-sdk" */;
			productName = FirebaseDatabase;
		};
		604FEBB529D95C3F00E8F8AB /* FirebaseFirestore */ = {
			isa = XCSwiftPackageProductDependency;
			package = 604FEBB029D95C3F00E8F8AB /* XCRemoteSwiftPackageReference "firebase-ios-sdk" */;
			productName = FirebaseFirestore;
		};
/* End XCSwiftPackageProductDependency section */
	};
	rootObject = 604FEB8929D858C000E8F8AB /* Project object */;
}
